// !$*UTF8*$!
{
	archiveVersion = 1;
	classes = {
	};
	objectVersion = 46;
	objects = {

/* Begin PBXBuildFile section */
		E5ACF7EA1D23C60400E9C9BB /* main.m in Sources */ = {isa = PBXBuildFile; fileRef = E5ACF7E91D23C60400E9C9BB /* main.m */; };
		E5ACF7ED1D23C60400E9C9BB /* AppDelegate.m in Sources */ = {isa = PBXBuildFile; fileRef = E5ACF7EC1D23C60400E9C9BB /* AppDelegate.m */; };
		E5ACF7F01D23C60400E9C9BB /* ViewController.m in Sources */ = {isa = PBXBuildFile; fileRef = E5ACF7EF1D23C60400E9C9BB /* ViewController.m */; };
		E5ACF7F31D23C60400E9C9BB /* Main.storyboard in Resources */ = {isa = PBXBuildFile; fileRef = E5ACF7F11D23C60400E9C9BB /* Main.storyboard */; };
		E5ACF7F51D23C60400E9C9BB /* Images.xcassets in Resources */ = {isa = PBXBuildFile; fileRef = E5ACF7F41D23C60400E9C9BB /* Images.xcassets */; };
		E5ACF7F81D23C60400E9C9BB /* LaunchScreen.xib in Resources */ = {isa = PBXBuildFile; fileRef = E5ACF7F61D23C60400E9C9BB /* LaunchScreen.xib */; };
		E5ACF8041D23C60400E9C9BB /* cardgameTests.m in Sources */ = {isa = PBXBuildFile; fileRef = E5ACF8031D23C60400E9C9BB /* cardgameTests.m */; };
		E5ACF8121D23D0D100E9C9BB /* Card.m in Sources */ = {isa = PBXBuildFile; fileRef = E5ACF8111D23D0D100E9C9BB /* Card.m */; };
/* End PBXBuildFile section */

/* Begin PBXContainerItemProxy section */
		E5ACF7FE1D23C60400E9C9BB /* PBXContainerItemProxy */ = {
			isa = PBXContainerItemProxy;
			containerPortal = E5ACF7DC1D23C60400E9C9BB /* Project object */;
			proxyType = 1;
			remoteGlobalIDString = E5ACF7E31D23C60400E9C9BB;
			remoteInfo = cardgame;
		};
/* End PBXContainerItemProxy section */

/* Begin PBXFileReference section */
		E5ACF7E41D23C60400E9C9BB /* cardgame.app */ = {isa = PBXFileReference; explicitFileType = wrapper.application; includeInIndex = 0; path = cardgame.app; sourceTree = BUILT_PRODUCTS_DIR; };
		E5ACF7E81D23C60400E9C9BB /* Info.plist */ = {isa = PBXFileReference; lastKnownFileType = text.plist.xml; path = Info.plist; sourceTree = "<group>"; };
		E5ACF7E91D23C60400E9C9BB /* main.m */ = {isa = PBXFileReference; lastKnownFileType = sourcecode.c.objc; path = main.m; sourceTree = "<group>"; };
		E5ACF7EB1D23C60400E9C9BB /* AppDelegate.h */ = {isa = PBXFileReference; lastKnownFileType = sourcecode.c.h; path = AppDelegate.h; sourceTree = "<group>"; };
		E5ACF7EC1D23C60400E9C9BB /* AppDelegate.m */ = {isa = PBXFileReference; lastKnownFileType = sourcecode.c.objc; path = AppDelegate.m; sourceTree = "<group>"; };
		E5ACF7EE1D23C60400E9C9BB /* ViewController.h */ = {isa = PBXFileReference; lastKnownFileType = sourcecode.c.h; path = ViewController.h; sourceTree = "<group>"; };
		E5ACF7EF1D23C60400E9C9BB /* ViewController.m */ = {isa = PBXFileReference; lastKnownFileType = sourcecode.c.objc; path = ViewController.m; sourceTree = "<group>"; };
		E5ACF7F21D23C60400E9C9BB /* Base */ = {isa = PBXFileReference; lastKnownFileType = file.storyboard; name = Base; path = Base.lproj/Main.storyboard; sourceTree = "<group>"; };
		E5ACF7F41D23C60400E9C9BB /* Images.xcassets */ = {isa = PBXFileReference; lastKnownFileType = folder.assetcatalog; path = Images.xcassets; sourceTree = "<group>"; };
		E5ACF7F71D23C60400E9C9BB /* Base */ = {isa = PBXFileReference; lastKnownFileType = file.xib; name = Base; path = Base.lproj/LaunchScreen.xib; sourceTree = "<group>"; };
		E5ACF7FD1D23C60400E9C9BB /* cardgameTests.xctest */ = {isa = PBXFileReference; explicitFileType = wrapper.cfbundle; includeInIndex = 0; path = cardgameTests.xctest; sourceTree = BUILT_PRODUCTS_DIR; };
		E5ACF8021D23C60400E9C9BB /* Info.plist */ = {isa = PBXFileReference; lastKnownFileType = text.plist.xml; path = Info.plist; sourceTree = "<group>"; };
		E5ACF8031D23C60400E9C9BB /* cardgameTests.m */ = {isa = PBXFileReference; lastKnownFileType = sourcecode.c.objc; path = cardgameTests.m; sourceTree = "<group>"; };
		E5ACF8101D23D0D100E9C9BB /* Card.h */ = {isa = PBXFileReference; fileEncoding = 4; lastKnownFileType = sourcecode.c.h; path = Card.h; sourceTree = "<group>"; };
		E5ACF8111D23D0D100E9C9BB /* Card.m */ = {isa = PBXFileReference; fileEncoding = 4; lastKnownFileType = sourcecode.c.objc; path = Card.m; sourceTree = "<group>"; };
/* End PBXFileReference section */

/* Begin PBXFrameworksBuildPhase section */
		E5ACF7E11D23C60400E9C9BB /* Frameworks */ = {
			isa = PBXFrameworksBuildPhase;
			buildActionMask = 2147483647;
			files = (
			);
			runOnlyForDeploymentPostprocessing = 0;
		};
		E5ACF7FA1D23C60400E9C9BB /* Frameworks */ = {
			isa = PBXFrameworksBuildPhase;
			buildActionMask = 2147483647;
			files = (
			);
			runOnlyForDeploymentPostprocessing = 0;
		};
/* End PBXFrameworksBuildPhase section */

/* Begin PBXGroup section */
		E5ACF7DB1D23C60400E9C9BB = {
			isa = PBXGroup;
			children = (
				E5ACF7E61D23C60400E9C9BB /* cardgame */,
				E5ACF8001D23C60400E9C9BB /* cardgameTests */,
				E5ACF7E51D23C60400E9C9BB /* Products */,
			);
			sourceTree = "<group>";
		};
		E5ACF7E51D23C60400E9C9BB /* Products */ = {
			isa = PBXGroup;
			children = (
				E5ACF7E41D23C60400E9C9BB /* cardgame.app */,
				E5ACF7FD1D23C60400E9C9BB /* cardgameTests.xctest */,
			);
			name = Products;
			sourceTree = "<group>";
		};
		E5ACF7E61D23C60400E9C9BB /* cardgame */ = {
			isa = PBXGroup;
			children = (
				E5ACF7EB1D23C60400E9C9BB /* AppDelegate.h */,
				E5ACF7EC1D23C60400E9C9BB /* AppDelegate.m */,
				E5ACF7EE1D23C60400E9C9BB /* ViewController.h */,
				E5ACF7EF1D23C60400E9C9BB /* ViewController.m */,
				E5ACF7F11D23C60400E9C9BB /* Main.storyboard */,
				E5ACF7F41D23C60400E9C9BB /* Images.xcassets */,
				E5ACF7F61D23C60400E9C9BB /* LaunchScreen.xib */,
				E5ACF7E71D23C60400E9C9BB /* Supporting Files */,
				E5ACF8101D23D0D100E9C9BB /* Card.h */,
				E5ACF8111D23D0D100E9C9BB /* Card.m */,
			);
			path = cardgame;
			sourceTree = "<group>";
		};
		E5ACF7E71D23C60400E9C9BB /* Supporting Files */ = {
			isa = PBXGroup;
			children = (
				E5ACF7E81D23C60400E9C9BB /* Info.plist */,
				E5ACF7E91D23C60400E9C9BB /* main.m */,
			);
			name = "Supporting Files";
			sourceTree = "<group>";
		};
		E5ACF8001D23C60400E9C9BB /* cardgameTests */ = {
			isa = PBXGroup;
			children = (
				E5ACF8031D23C60400E9C9BB /* cardgameTests.m */,
				E5ACF8011D23C60400E9C9BB /* Supporting Files */,
			);
			path = cardgameTests;
			sourceTree = "<group>";
		};
		E5ACF8011D23C60400E9C9BB /* Supporting Files */ = {
			isa = PBXGroup;
			children = (
				E5ACF8021D23C60400E9C9BB /* Info.plist */,
			);
			name = "Supporting Files";
			sourceTree = "<group>";
		};
/* End PBXGroup section */

/* Begin PBXNativeTarget section */
		E5ACF7E31D23C60400E9C9BB /* cardgame */ = {
			isa = PBXNativeTarget;
			buildConfigurationList = E5ACF8071D23C60400E9C9BB /* Build configuration list for PBXNativeTarget "cardgame" */;
			buildPhases = (
				E5ACF7E01D23C60400E9C9BB /* Sources */,
				E5ACF7E11D23C60400E9C9BB /* Frameworks */,
				E5ACF7E21D23C60400E9C9BB /* Resources */,
			);
			buildRules = (
			);
			dependencies = (
			);
			name = cardgame;
			productName = cardgame;
			productReference = E5ACF7E41D23C60400E9C9BB /* cardgame.app */;
			productType = "com.apple.product-type.application";
		};
		E5ACF7FC1D23C60400E9C9BB /* cardgameTests */ = {
			isa = PBXNativeTarget;
			buildConfigurationList = E5ACF80A1D23C60400E9C9BB /* Build configuration list for PBXNativeTarget "cardgameTests" */;
			buildPhases = (
				E5ACF7F91D23C60400E9C9BB /* Sources */,
				E5ACF7FA1D23C60400E9C9BB /* Frameworks */,
				E5ACF7FB1D23C60400E9C9BB /* Resources */,
			);
			buildRules = (
			);
			dependencies = (
				E5ACF7FF1D23C60400E9C9BB /* PBXTargetDependency */,
			);
			name = cardgameTests;
			productName = cardgameTests;
			productReference = E5ACF7FD1D23C60400E9C9BB /* cardgameTests.xctest */;
			productType = "com.apple.product-type.bundle.unit-test";
		};
/* End PBXNativeTarget section */

/* Begin PBXProject section */
		E5ACF7DC1D23C60400E9C9BB /* Project object */ = {
			isa = PBXProject;
			attributes = {
				LastUpgradeCheck = 0610;
				ORGANIZATIONNAME = ILabAfrica;
				TargetAttributes = {
					E5ACF7E31D23C60400E9C9BB = {
						CreatedOnToolsVersion = 6.1.1;
					};
					E5ACF7FC1D23C60400E9C9BB = {
						CreatedOnToolsVersion = 6.1.1;
						TestTargetID = E5ACF7E31D23C60400E9C9BB;
					};
				};
			};
			buildConfigurationList = E5ACF7DF1D23C60400E9C9BB /* Build configuration list for PBXProject "cardgame" */;
			compatibilityVersion = "Xcode 3.2";
			developmentRegion = English;
			hasScannedForEncodings = 0;
			knownRegions = (
				en,
				Base,
			);
			mainGroup = E5ACF7DB1D23C60400E9C9BB;
			productRefGroup = E5ACF7E51D23C60400E9C9BB /* Products */;
			projectDirPath = "";
			projectRoot = "";
			targets = (
				E5ACF7E31D23C60400E9C9BB /* cardgame */,
				E5ACF7FC1D23C60400E9C9BB /* cardgameTests */,
			);
		};
/* End PBXProject section */

/* Begin PBXResourcesBuildPhase section */
		E5ACF7E21D23C60400E9C9BB /* Resources */ = {
			isa = PBXResourcesBuildPhase;
			buildActionMask = 2147483647;
			files = (
				E5ACF7F31D23C60400E9C9BB /* Main.storyboard in Resources */,
				E5ACF7F81D23C60400E9C9BB /* LaunchScreen.xib in Resources */,
				E5ACF7F51D23C60400E9C9BB /* Images.xcassets in Resources */,
			);
			runOnlyForDeploymentPostprocessing = 0;
		};
		E5ACF7FB1D23C60400E9C9BB /* Resources */ = {
			isa = PBXResourcesBuildPhase;
			buildActionMask = 2147483647;
			files = (
			);
			runOnlyForDeploymentPostprocessing = 0;
		};
/* End PBXResourcesBuildPhase section */

/* Begin PBXSourcesBuildPhase section */
		E5ACF7E01D23C60400E9C9BB /* Sources */ = {
			isa = PBXSourcesBuildPhase;
			buildActionMask = 2147483647;
			files = (
				E5ACF7F01D23C60400E9C9BB /* ViewController.m in Sources */,
				E5ACF7ED1D23C60400E9C9BB /* AppDelegate.m in Sources */,
				E5ACF7EA1D23C60400E9C9BB /* main.m in Sources */,
				E5ACF8121D23D0D100E9C9BB /* Card.m in Sources */,
			);
			runOnlyForDeploymentPostprocessing = 0;
		};
		E5ACF7F91D23C60400E9C9BB /* Sources */ = {
			isa = PBXSourcesBuildPhase;
			buildActionMask = 2147483647;
			files = (
				E5ACF8041D23C60400E9C9BB /* cardgameTests.m in Sources */,
			);
			runOnlyForDeploymentPostprocessing = 0;
		};
/* End PBXSourcesBuildPhase section */

/* Begin PBXTargetDependency section */
		E5ACF7FF1D23C60400E9C9BB /* PBXTargetDependency */ = {
			isa = PBXTargetDependency;
			target = E5ACF7E31D23C60400E9C9BB /* cardgame */;
			targetProxy = E5ACF7FE1D23C60400E9C9BB /* PBXContainerItemProxy */;
		};
/* End PBXTargetDependency section */

/* Begin PBXVariantGroup section */
		E5ACF7F11D23C60400E9C9BB /* Main.storyboard */ = {
			isa = PBXVariantGroup;
			children = (
				E5ACF7F21D23C60400E9C9BB /* Base */,
			);
			name = Main.storyboard;
			sourceTree = "<group>";
		};
		E5ACF7F61D23C60400E9C9BB /* LaunchScreen.xib */ = {
			isa = PBXVariantGroup;
			children = (
				E5ACF7F71D23C60400E9C9BB /* Base */,
			);
			name = LaunchScreen.xib;
			sourceTree = "<group>";
		};
/* End PBXVariantGroup section */

/* Begin XCBuildConfiguration section */
		E5ACF8051D23C60400E9C9BB /* Debug */ = {
			isa = XCBuildConfiguration;
			buildSettings = {
				ALWAYS_SEARCH_USER_PATHS = NO;
				CLANG_CXX_LANGUAGE_STANDARD = "gnu++0x";
				CLANG_CXX_LIBRARY = "libc++";
				CLANG_ENABLE_MODULES = YES;
				CLANG_ENABLE_OBJC_ARC = YES;
				CLANG_WARN_BOOL_CONVERSION = YES;
				CLANG_WARN_CONSTANT_CONVERSION = YES;
				CLANG_WARN_DIRECT_OBJC_ISA_USAGE = YES_ERROR;
				CLANG_WARN_EMPTY_BODY = YES;
				CLANG_WARN_ENUM_CONVERSION = YES;
				CLANG_WARN_INT_CONVERSION = YES;
				CLANG_WARN_OBJC_ROOT_CLASS = YES_ERROR;
				CLANG_WARN_UNREACHABLE_CODE = YES;
				CLANG_WARN__DUPLICATE_METHOD_MATCH = YES;
				"CODE_SIGN_IDENTITY[sdk=iphoneos*]" = "iPhone Developer";
				COPY_PHASE_STRIP = NO;
				ENABLE_STRICT_OBJC_MSGSEND = YES;
				GCC_C_LANGUAGE_STANDARD = gnu99;
				GCC_DYNAMIC_NO_PIC = NO;
				GCC_OPTIMIZATION_LEVEL = 0;
				GCC_PREPROCESSOR_DEFINITIONS = (
					"DEBUG=1",
					"$(inherited)",
				);
				GCC_SYMBOLS_PRIVATE_EXTERN = NO;
				GCC_WARN_64_TO_32_BIT_CONVERSION = YES;
				GCC_WARN_ABOUT_RETURN_TYPE = YES_ERROR;
				GCC_WARN_UNDECLARED_SELECTOR = YES;
				GCC_WARN_UNINITIALIZED_AUTOS = YES_AGGRESSIVE;
				GCC_WARN_UNUSED_FUNCTION = YES;
				GCC_WARN_UNUSED_VARIABLE = YES;
				IPHONEOS_DEPLOYMENT_TARGET = 8.1;
				MTL_ENABLE_DEBUG_INFO = YES;
				ONLY_ACTIVE_ARCH = YES;
				SDKROOT = iphoneos;
			};
			name = Debug;
		};
		E5ACF8061D23C60400E9C9BB /* Release */ = {
			isa = XCBuildConfiguration;
			buildSettings = {
				ALWAYS_SEARCH_USER_PATHS = NO;
				CLANG_CXX_LANGUAGE_STANDARD = "gnu++0x";
				CLANG_CXX_LIBRARY = "libc++";
				CLANG_ENABLE_MODULES = YES;
				CLANG_ENABLE_OBJC_ARC = YES;
				CLANG_WARN_BOOL_CONVERSION = YES;
				CLANG_WARN_CONSTANT_CONVERSION = YES;
				CLANG_WARN_DIRECT_OBJC_ISA_USAGE = YES_ERROR;
				CLANG_WARN_EMPTY_BODY = YES;
				CLANG_WARN_ENUM_CONVERSION = YES;
				CLANG_WARN_INT_CONVERSION = YES;
				CLANG_WARN_OBJC_ROOT_CLASS = YES_ERROR;
				CLANG_WARN_UNREACHABLE_CODE = YES;
				CLANG_WARN__DUPLICATE_METHOD_MATCH = YES;
				"CODE_SIGN_IDENTITY[sdk=iphoneos*]" = "iPhone Developer";
				COPY_PHASE_STRIP = YES;
				ENABLE_NS_ASSERTIONS = NO;
				ENABLE_STRICT_OBJC_MSGSEND = YES;
				GCC_C_LANGUAGE_STANDARD = gnu99;
				GCC_WARN_64_TO_32_BIT_CONVERSION = YES;
				GCC_WARN_ABOUT_RETURN_TYPE = YES_ERROR;
				GCC_WARN_UNDECLARED_SELECTOR = YES;
				GCC_WARN_UNINITIALIZED_AUTOS = YES_AGGRESSIVE;
				GCC_WARN_UNUSED_FUNCTION = YES;
				GCC_WARN_UNUSED_VARIABLE = YES;
				IPHONEOS_DEPLOYMENT_TARGET = 8.1;
				MTL_ENABLE_DEBUG_INFO = NO;
				SDKROOT = iphoneos;
				VALIDATE_PRODUCT = YES;
			};
			name = Release;
		};
		E5ACF8081D23C60400E9C9BB /* Debug */ = {
			isa = XCBuildConfiguration;
			buildSettings = {
				ASSETCATALOG_COMPILER_APPICON_NAME = AppIcon;
				INFOPLIST_FILE = cardgame/Info.plist;
				LD_RUNPATH_SEARCH_PATHS = "$(inherited) @executable_path/Frameworks";
				PRODUCT_NAME = "$(TARGET_NAME)";
			};
			name = Debug;
		};
		E5ACF8091D23C60400E9C9BB /* Release */ = {
			isa = XCBuildConfiguration;
			buildSettings = {
				ASSETCATALOG_COMPILER_APPICON_NAME = AppIcon;
				INFOPLIST_FILE = cardgame/Info.plist;
				LD_RUNPATH_SEARCH_PATHS = "$(inherited) @executable_path/Frameworks";
				PRODUCT_NAME = "$(TARGET_NAME)";
			};
			name = Release;
		};
		E5ACF80B1D23C60400E9C9BB /* Debug */ = {
			isa = XCBuildConfiguration;
			buildSettings = {
				BUNDLE_LOADER = "$(TEST_HOST)";
				FRAMEWORK_SEARCH_PATHS = (
					"$(SDKROOT)/Developer/Library/Frameworks",
					"$(inherited)",
				);
				GCC_PREPROCESSOR_DEFINITIONS = (
					"DEBUG=1",
					"$(inherited)",
				);
				INFOPLIST_FILE = cardgameTests/Info.plist;
				LD_RUNPATH_SEARCH_PATHS = "$(inherited) @executable_path/Frameworks @loader_path/Frameworks";
				PRODUCT_NAME = "$(TARGET_NAME)";
				TEST_HOST = "$(BUILT_PRODUCTS_DIR)/cardgame.app/cardgame";
			};
			name = Debug;
		};
		E5ACF80C1D23C60400E9C9BB /* Release */ = {
			isa = XCBuildConfiguration;
			buildSettings = {
				BUNDLE_LOADER = "$(TEST_HOST)";
				FRAMEWORK_SEARCH_PATHS = (
					"$(SDKROOT)/Developer/Library/Frameworks",
					"$(inherited)",
				);
				INFOPLIST_FILE = cardgameTests/Info.plist;
				LD_RUNPATH_SEARCH_PATHS = "$(inherited) @executable_path/Frameworks @loader_path/Frameworks";
				PRODUCT_NAME = "$(TARGET_NAME)";
				TEST_HOST = "$(BUILT_PRODUCTS_DIR)/cardgame.app/cardgame";
			};
			name = Release;
		};
/* End XCBuildConfiguration section */

/* Begin XCConfigurationList section */
		E5ACF7DF1D23C60400E9C9BB /* Build configuration list for PBXProject "cardgame" */ = {
			isa = XCConfigurationList;
			buildConfigurations = (
				E5ACF8051D23C60400E9C9BB /* Debug */,
				E5ACF8061D23C60400E9C9BB /* Release */,
			);
			defaultConfigurationIsVisible = 0;
			defaultConfigurationName = Release;
		};
		E5ACF8071D23C60400E9C9BB /* Build configuration list for PBXNativeTarget "cardgame" */ = {
			isa = XCConfigurationList;
			buildConfigurations = (
				E5ACF8081D23C60400E9C9BB /* Debug */,
				E5ACF8091D23C60400E9C9BB /* Release */,
			);
			defaultConfigurationIsVisible = 0;
		};
		E5ACF80A1D23C60400E9C9BB /* Build configuration list for PBXNativeTarget "cardgameTests" */ = {
			isa = XCConfigurationList;
			buildConfigurations = (
				E5ACF80B1D23C60400E9C9BB /* Debug */,
				E5ACF80C1D23C60400E9C9BB /* Release */,
			);
			defaultConfigurationIsVisible = 0;
		};
/* End XCConfigurationList section */
	};
	rootObject = E5ACF7DC1D23C60400E9C9BB /* Project object */;
}
